
Microsoft Visual Studio Solution File, Format Version 12.00
# Visual Studio 2012
Project("{FAE04EC0-301F-11D3-BF4B-00C04F79EFBC}") = "web api", "web api\web api.csproj", "{8EED5DF9-920B-4F36-BC8E-5B9DEDCF8470}"
EndProject
Global
	GlobalSection(SolutionConfigurationPlatforms) = preSolution
		Debug|Any CPU = Debug|Any CPU
		Release|Any CPU = Release|Any CPU
	EndGlobalSection
	GlobalSection(ProjectConfigurationPlatforms) = postSolution
		{8EED5DF9-920B-4F36-BC8E-5B9DEDCF8470}.Debug|Any CPU.ActiveCfg = Debug|Any CPU
		{8EED5DF9-920B-4F36-BC8E-5B9DEDCF8470}.Debug|Any CPU.Build.0 = Debug|Any CPU
		{8EED5DF9-920B-4F36-BC8E-5B9DEDCF8470}.Release|Any CPU.ActiveCfg = Release|Any CPU
		{8EED5DF9-920B-4F36-BC8E-5B9DEDCF8470}.Release|Any CPU.Build.0 = Release|Any CPU
	EndGlobalSection
	GlobalSection(SolutionProperties) = preSolution
		HideSolutionNode = FALSE
	EndGlobalSection
EndGlobal
